github.com/gen2brain/malgo v0.11.22 h1:fRtTbzVI9CDWnfEJGo/GxKxN7pXtCb0NsAeUVUjZk9U=
github.com/gen2brain/malgo v0.11.22/go.mod h1:f9TtuN7DVrXMiV/yIceMeWpvanyVzJQMlBecJFVMxww=
github.com/k2-fsa/sherpa-onnx-go v1.12.20 h1:tQYCk7U2VrL6dO6LRPSJiDZgtXOzISoHaAgMhSa1tkw=
github.com/k2-fsa/sherpa-onnx-go v1.12.20/go.mod h1:B/ynRbVa5gpYoZYeYgY3zPi4MTfKk95UZueZDSIhbjk=
github.com/k2-fsa/sherpa-onnx-go-linux v1.12.27 h1:cDXXdffurzNAq5raE9JFer5qdL7mPW7qJwHXdlJ9kR8=
github.com/k2-fsa/sherpa-onnx-go-linux v1.12.27/go.mod h1:NXEH2rsBgTdqY59YpPq6CtSBlBAXy/8a9FmpLERU97I=
github.com/k2-fsa/sherpa-onnx-go-macos v1.12.27 h1:6DMCPLYN9k8GZlE95jUOUDLaiv9sc6yRlPSrQl6lZ+I=
github.com/k2-fsa/sherpa-onnx-go-macos v1.12.27/go.mod h1:ZOhUAXC62Unj0ZNfu6zxSFKcW96aXf7P3BsqiUyOBbE=
github.com/k2-fsa/sherpa-onnx-go-windows v1.12.20 h1:1Qsp4vkngTkEDxlc+GfA+/1B8ypbxIE0p8fsnfaSlkg=
github.com/k2-fsa/sherpa-onnx-go-windows v1.12.20/go.mod h1:5AX7TU8+P/gInjglY1ijtWUM2b8iyR0QX4yEngzMe64=
golang.org/x/sys v0.40.0 h1:DBZZqJ2Rkml6QMQsZywtnjnnGvHza6BTfYFWY9kjEWQ=
golang.org/x/sys v0.40.0/go.mod h1:OgkHotnGiDImocRcuBABYBEXf8A9a87e/uXjp9XT3ks=
